github.com/declanthompson/web-education-block v0.0.0-20230301222231-2681d65c6732 h1:JgPKUrWeauKWiRis2YFJwNP0xdKN0yJyrWqX8dn1Gi4=
github.com/declanthompson/web-education-block v0.0.0-20230301222231-2681d65c6732/go.mod h1:XTuBwCA5OQHCr3IRCOWfCyNR9DGckIBSuTmpEWOWla4=
github.com/declanthompson/wowchemy-block-countdown-timer v0.0.0-20230302235448-a6c9415c55b1 h1:9O5TGRZEFGbQGo8WBE7L9eRgEblqx3WMBV8TwLMgGBM=
github.com/declanthompson/wowchemy-block-countdown-timer v0.0.0-20230302235448-a6c9415c55b1/go.mod h1:2nSzhI866l/Ba+D/rd4Sw5myXCPzFDFReJrJ6gYW10Y=
github.com/declanthompson/wowchemy-block-countdown-timer v0.0.0-20230303230245-306cb7ef5fba h1:zUT3krpYrMpaxfYybNzXjnRkVfzphlds79R+qUavvm0=
github.com/declanthompson/wowchemy-block-countdown-timer v0.0.0-20230303230245-306cb7ef5fba/go.mod h1:2nSzhI866l/Ba+D/rd4Sw5myXCPzFDFReJrJ6gYW10Y=
github.com/declanthompson/wowchemy-block-countdown-timer v0.0.0-20230303230458-716f6296b0e4 h1:J/XD8rc0h0gJyuebX4ITpucGMIctVEs2R3Uj8xXjDow=
github.com/declanthompson/wowchemy-block-countdown-timer v0.0.0-20230303230458-716f6296b0e4/go.mod h1:2nSzhI866l/Ba+D/rd4Sw5myXCPzFDFReJrJ6gYW10Y=
github.com/declanthompson/wowchemy-block-education v0.0.0-20230302231449-9bcc8539584c h1:e9RaB7dZvycZhSX2c6r+JPcstJ+zY+sGJTs5s/Jafiw=
github.com/declanthompson/wowchemy-block-education v0.0.0-20230302231449-9bcc8539584c/go.mod h1:pqpjmoQxUISHza9xNPNEeiHSkex2WmMlYTZizqBBa/s=
github.com/declanthompson/wowchemy-block-education v0.0.0-20230302233939-5c2917fc2d98 h1:OIuAKlzdpNQFoSPyLDWNHnBcnPxDDnyT4bqsAN26fug=
github.com/declanthompson/wowchemy-block-education v0.0.0-20230302233939-5c2917fc2d98/go.mod h1:pqpjmoQxUISHza9xNPNEeiHSkex2WmMlYTZizqBBa/s=
github.com/declanthompson/wowchemy-block-education v0.0.0-20230308023119-05c43c6f9615 h1:BW1HdKxDRCS16ocZeL9RVmDUHtjMwpXPE0WmPUyKpOE=
github.com/declanthompson/wowchemy-block-education v0.0.0-20230308023119-05c43c6f9615/go.mod h1:pqpjmoQxUISHza9xNPNEeiHSkex2WmMlYTZizqBBa/s=
github.com/declanthompson/wowchemy-block-education v0.0.0-20230308023408-706f4ac8f936 h1:ymQNDeiNNE+xqXs4IfixaeFvFB9wKe+/Pxn2HVyPWEE=
github.com/declanthompson/wowchemy-block-education v0.0.0-20230308023408-706f4ac8f936/go.mod h1:pqpjmoQxUISHza9xNPNEeiHSkex2WmMlYTZizqBBa/s=
github.com/declanthompson/wowchemy-block-education v0.0.0-20230308023654-a4bbcbc09801 h1:XNny/qiI6F68miCzWTUf5YW5jln6hqHBGR6bPtRo/cg=
github.com/declanthompson/wowchemy-block-education v0.0.0-20230308023654-a4bbcbc09801/go.mod h1:pqpjmoQxUISHza9xNPNEeiHSkex2WmMlYTZizqBBa/s=
github.com/declanthompson/wowchemy-block-education v0.0.0-20230308023820-1e4a7ce81e03 h1:nKrFkPJNKQQKejdf8HQQT07lK02TntnvgorOPy26QxQ=
github.com/declanthompson/wowchemy-block-education v0.0.0-20230308023820-1e4a7ce81e03/go.mod h1:pqpjmoQxUISHza9xNPNEeiHSkex2WmMlYTZizqBBa/s=
github.com/declanthompson/wowchemy-block-education v0.0.0-20230308024039-3d5244d26d3d h1:nAjcH5RUffLpGKQCRoCh/P1vHu3eKM8TKfLh86CWAKQ=
github.com/declanthompson/wowchemy-block-education v0.0.0-20230308024039-3d5244d26d3d/go.mod h1:pqpjmoQxUISHza9xNPNEeiHSkex2WmMlYTZizqBBa/s=
github.com/declanthompson/wowchemy-block-education v0.0.0-20230308024206-8b6850463f7e h1:1ifUCwbZA6gBJ1cN770BZZhFXgrRVzlOlzGjDt2n+K4=
github.com/declanthompson/wowchemy-block-education v0.0.0-20230308024206-8b6850463f7e/go.mod h1:pqpjmoQxUISHza9xNPNEeiHSkex2WmMlYTZizqBBa/s=
github.com/declanthompson/wowchemy-block-education v0.0.0-20230308024534-19a9bde1e4bc h1:ul7ydWTY/dbFII1PzdQWHoaTdth/De1VaBhV+SwqPIU=
github.com/declanthompson/wowchemy-block-education v0.0.0-20230308024534-19a9bde1e4bc/go.mod h1:pqpjmoQxUISHza9xNPNEeiHSkex2WmMlYTZizqBBa/s=
github.com/declanthompson/wowchemy-block-education v0.0.0-20230308025919-6fd06f672a74 h1:UBWx4Udi+50QEtt+Y2OOdMl/BSbrAVmMD6Y13GMLNpw=
github.com/declanthompson/wowchemy-block-education v0.0.0-20230308025919-6fd06f672a74/go.mod h1:pqpjmoQxUISHza9xNPNEeiHSkex2WmMlYTZizqBBa/s=
github.com/declanthompson/wowchemy-block-education v0.0.0-20230308030940-eb47077ae227 h1:1Isl06dycSJWHDfuaIIaUoiYWoNuKSl13O3sC4gxIWU=
github.com/declanthompson/wowchemy-block-education v0.0.0-20230308030940-eb47077ae227/go.mod h1:pqpjmoQxUISHza9xNPNEeiHSkex2WmMlYTZizqBBa/s=
github.com/declanthompson/wowchemy-block-education v0.0.0-20230308031225-08928ca25dc9 h1:UgxaKP50mA8LQwtSJ85j4ytIUomZMtUZK/+uxcaA6h4=
github.com/declanthompson/wowchemy-block-education v0.0.0-20230308031225-08928ca25dc9/go.mod h1:pqpjmoQxUISHza9xNPNEeiHSkex2WmMlYTZizqBBa/s=
github.com/declanthompson/wowchemy-block-education v0.0.0-20230308031337-1417c2584388 h1:6iibyuNKwjLad5Meu/sCgGvI9nZrKgqBm4aeOkDXnOw=
github.com/declanthompson/wowchemy-block-education v0.0.0-20230308031337-1417c2584388/go.mod h1:pqpjmoQxUISHza9xNPNEeiHSkex2WmMlYTZizqBBa/s=
github.com/declanthompson/wowchemy-block-education v0.0.0-20230308031436-2ced4accfc3f h1:NZcGXDVJQP3TFcQHuXPkpGAk8Pbu7iooQUFdUvM0YEA=
github.com/declanthompson/wowchemy-block-education v0.0.0-20230308031436-2ced4accfc3f/go.mod h1:pqpjmoQxUISHza9xNPNEeiHSkex2WmMlYTZizqBBa/s=
github.com/declanthompson/wowchemy-block-education v0.0.0-20230308031530-dde9d7d3a754 h1:NrHHT4bPoM7EtT31AdWoVCb6dz5lxP8hA5Qicij7uqU=
github.com/declanthompson/wowchemy-block-education v0.0.0-20230308031530-dde9d7d3a754/go.mod h1:pqpjmoQxUISHza9xNPNEeiHSkex2WmMlYTZizqBBa/s=
github.com/declanthompson/wowchemy-block-education v0.0.0-20230308031711-7bd0ffdddbc8 h1:r4iXKqXCFpv/FkSkcv9zimea2kHlxGm0BI9nQYS8FSM=
github.com/declanthompson/wowchemy-block-education v0.0.0-20230308031711-7bd0ffdddbc8/go.mod h1:pqpjmoQxUISHza9xNPNEeiHSkex2WmMlYTZizqBBa/s=
github.com/declanthompson/wowchemy-block-education v0.0.0-20230308031830-763fec6c211e h1:sAnodogBX5QLf0aFyWXDKfkTZKrALCM94+JNKR5z1i0=
github.com/declanthompson/wowchemy-block-education v0.0.0-20230308031830-763fec6c211e/go.mod h1:pqpjmoQxUISHza9xNPNEeiHSkex2WmMlYTZizqBBa/s=
github.com/declanthompson/wowchemy-block-education v0.0.0-20230308032002-5d0d3eb71613 h1:DMNrq8eZegeptRDcKbnsz3RTU2YKaJ8Ukw8qdeLwiIU=
github.com/declanthompson/wowchemy-block-education v0.0.0-20230308032002-5d0d3eb71613/go.mod h1:pqpjmoQxUISHza9xNPNEeiHSkex2WmMlYTZizqBBa/s=
github.com/declanthompson/wowchemy-block-education v0.0.0-20230308032422-49b0a7ebcc7d h1:+M+z/3UOVUg9QdX1roqRRsvptlHiAeXQ6nCixd29298=
github.com/declanthompson/wowchemy-block-education v0.0.0-20230308032422-49b0a7ebcc7d/go.mod h1:pqpjmoQxUISHza9xNPNEeiHSkex2WmMlYTZizqBBa/s=
github.com/declanthompson/wowchemy-block-education v0.0.0-20230308032509-b11005cc0aa3 h1:HX0x/A+sS8N0T+Ui1sUnFAIjejAMrM6XYhYfbNNg07w=
github.com/declanthompson/wowchemy-block-education v0.0.0-20230308032509-b11005cc0aa3/go.mod h1:pqpjmoQxUISHza9xNPNEeiHSkex2WmMlYTZizqBBa/s=
github.com/declanthompson/wowchemy-block-education v0.0.0-20230308032807-551c76ce35a3 h1:8DmANcshed5Or1cSPc3Aa+DWRh9ykX1uWFew1IT3Fn8=
github.com/declanthompson/wowchemy-block-education v0.0.0-20230308032807-551c76ce35a3/go.mod h1:pqpjmoQxUISHza9xNPNEeiHSkex2WmMlYTZizqBBa/s=
github.com/declanthompson/wowchemy-block-education v0.0.0-20230308032846-330505d9482e h1:Cjzol1QOurFqqGn85pHtNYYpkBCMayl+eD7p1aSQ/jg=
github.com/declanthompson/wowchemy-block-education v0.0.0-20230308032846-330505d9482e/go.mod h1:pqpjmoQxUISHza9xNPNEeiHSkex2WmMlYTZizqBBa/s=
github.com/declanthompson/wowchemy-block-education v0.0.0-20230308033504-a3a6f4bc193a h1:8NlRTZ2lzz7vCaciuXHqiOe6ioMp6zIM2EptPmLheco=
github.com/declanthompson/wowchemy-block-education v0.0.0-20230308033504-a3a6f4bc193a/go.mod h1:pqpjmoQxUISHza9xNPNEeiHSkex2WmMlYTZizqBBa/s=
github.com/declanthompson/wowchemy-block-education v0.0.0-20230308033548-fbb7f00b875b h1:u80bFXK1SXbw4fyNMv5ac5yOuQg/QPb1LDWuz8Zp7JY=
github.com/declanthompson/wowchemy-block-education v0.0.0-20230308033548-fbb7f00b875b/go.mod h1:pqpjmoQxUISHza9xNPNEeiHSkex2WmMlYTZizqBBa/s=
github.com/declanthompson/wowchemy-block-education v0.0.0-20230308034033-5da326038b4a h1:LSeuo3TmJZXSf4XkEzpWj+WxWFzc37JpJX5+VwKLxXo=
github.com/declanthompson/wowchemy-block-education v0.0.0-20230308034033-5da326038b4a/go.mod h1:pqpjmoQxUISHza9xNPNEeiHSkex2WmMlYTZizqBBa/s=
github.com/declanthompson/wowchemy-block-education v0.0.0-20230308034202-8988c0525570 h1:5T9uiipC+LgAlotYFEhyV3z6zqDgs6pYUoCK+KdqL0c=
github.com/declanthompson/wowchemy-block-education v0.0.0-20230308034202-8988c0525570/go.mod h1:pqpjmoQxUISHza9xNPNEeiHSkex2WmMlYTZizqBBa/s=
github.com/declanthompson/wowchemy-block-education v0.0.0-20230308034424-a6dc0f00660e h1:z0i9XsJqkcsKZe+F1jW7mVzaiy84Izw2fLfUZzdrcaQ=
github.com/declanthompson/wowchemy-block-education v0.0.0-20230308034424-a6dc0f00660e/go.mod h1:pqpjmoQxUISHza9xNPNEeiHSkex2WmMlYTZizqBBa/s=
github.com/declanthompson/wowchemy-block-education v0.0.0-20230308034452-e9ebb31d3de2 h1:p7m+TttoAe5VfBseSzAGr/FZhMSMSsnS13jT3Qpcwtc=
github.com/declanthompson/wowchemy-block-education v0.0.0-20230308034452-e9ebb31d3de2/go.mod h1:pqpjmoQxUISHza9xNPNEeiHSkex2WmMlYTZizqBBa/s=
github.com/declanthompson/wowchemy-block-education v0.0.0-20230308034755-0c840078f287 h1:FSgm9adthPN+CDgPpeFCDxeGj5P4HH8svAM8PpcinqA=
github.com/declanthompson/wowchemy-block-education v0.0.0-20230308034755-0c840078f287/go.mod h1:pqpjmoQxUISHza9xNPNEeiHSkex2WmMlYTZizqBBa/s=
github.com/declanthompson/wowchemy-block-education v0.0.0-20230308035003-8600940d57b5 h1:pU/iz6wSiDECZgpbLOSz+2hU0TJ73ClQkYuic5HsKec=
github.com/declanthompson/wowchemy-block-education v0.0.0-20230308035003-8600940d57b5/go.mod h1:pqpjmoQxUISHza9xNPNEeiHSkex2WmMlYTZizqBBa/s=
github.com/declanthompson/wowchemy-block-education v0.0.0-20230308035220-df5c3f3ee80f h1:fwygNQK9XqIHx5vnBuVrhEOyQu0DcAxcvFRMDd7Yu6g=
github.com/declanthompson/wowchemy-block-education v0.0.0-20230308035220-df5c3f3ee80f/go.mod h1:pqpjmoQxUISHza9xNPNEeiHSkex2WmMlYTZizqBBa/s=
github.com/declanthompson/wowchemy-block-education v0.0.0-20230308035312-04e4e28c2275 h1:X/T/K+SOxa3BQDt2rgmGS1lC8REc7vIZaBr1qjSAzbc=
github.com/declanthompson/wowchemy-block-education v0.0.0-20230308035312-04e4e28c2275/go.mod h1:pqpjmoQxUISHza9xNPNEeiHSkex2WmMlYTZizqBBa/s=
github.com/declanthompson/wowchemy-block-education v0.0.0-20230308035531-7aa85e6c7611 h1:JmCGf1MNi96G10zDhejw8dsbnV/dFaiHkIV4h1iW3XM=
github.com/declanthompson/wowchemy-block-education v0.0.0-20230308035531-7aa85e6c7611/go.mod h1:pqpjmoQxUISHza9xNPNEeiHSkex2WmMlYTZizqBBa/s=
github.com/declanthompson/wowchemy-block-education v0.0.0-20230308035712-a03a657b4b29 h1:9NCFTYnpOpg3sTqwL6PjBFGl4Hx0EZc17aR+6aVtc44=
github.com/declanthompson/wowchemy-block-education v0.0.0-20230308035712-a03a657b4b29/go.mod h1:pqpjmoQxUISHza9xNPNEeiHSkex2WmMlYTZizqBBa/s=
github.com/declanthompson/wowchemy-block-education v0.0.0-20230308035825-1e8ef6b0dfd3 h1:H2IqGr5sIevKkWHqquD/MMgifWNSHr9SkhfBiwKuJbQ=
github.com/declanthompson/wowchemy-block-education v0.0.0-20230308035825-1e8ef6b0dfd3/go.mod h1:pqpjmoQxUISHza9xNPNEeiHSkex2WmMlYTZizqBBa/s=
github.com/declanthompson/wowchemy-block-education v0.0.0-20230308040033-1e02a98001e2 h1:sa5P3r0XFFXoChwhbMseSSf/ywpgz3pMxThHUJ1tGVw=
github.com/declanthompson/wowchemy-block-education v0.0.0-20230308040033-1e02a98001e2/go.mod h1:pqpjmoQxUISHza9xNPNEeiHSkex2WmMlYTZizqBBa/s=
github.com/declanthompson/wowchemy-block-education v0.0.0-20230308040106-1ae72975193f h1:wiGAc45qVTAQXjw7huGHUnzrfxUcBNKfgE3Fgup/wzE=
github.com/declanthompson/wowchemy-block-education v0.0.0-20230308040106-1ae72975193f/go.mod h1:pqpjmoQxUISHza9xNPNEeiHSkex2WmMlYTZizqBBa/s=
github.com/declanthompson/wowchemy-block-education v0.0.0-20230308040248-e6d39f19b8b2 h1:s4gfYFRIiPWrg7GiWChMBjCnhqJ4Win1Jei/gGCPs6Q=
github.com/declanthompson/wowchemy-block-education v0.0.0-20230308040248-e6d39f19b8b2/go.mod h1:pqpjmoQxUISHza9xNPNEeiHSkex2WmMlYTZizqBBa/s=
github.com/declanthompson/wowchemy-block-education v0.0.0-20230308040415-19fbdee1a794 h1:4CX/Dx73sYoNL8LFjbj6tmyFkpdEIllnnxNyAGG4anA=
github.com/declanthompson/wowchemy-block-education v0.0.0-20230308040415-19fbdee1a794/go.mod h1:pqpjmoQxUISHza9xNPNEeiHSkex2WmMlYTZizqBBa/s=
github.com/declanthompson/wowchemy-block-education v0.0.0-20230308040539-5a6089352b95 h1:Fs8bop/bmvWr+IhQfndZWSp9chqaCK6LGPDQlUAafUc=
github.com/declanthompson/wowchemy-block-education v0.0.0-20230308040539-5a6089352b95/go.mod h1:pqpjmoQxUISHza9xNPNEeiHSkex2WmMlYTZizqBBa/s=
github.com/declanthompson/wowchemy-block-education v0.0.0-20230308040827-18829d0ebf8e h1:DwWKU0TuNPb6t9s/SsJFz7/pGszxUaC9Ht1tjY26FEs=
github.com/declanthompson/wowchemy-block-education v0.0.0-20230308040827-18829d0ebf8e/go.mod h1:pqpjmoQxUISHza9xNPNEeiHSkex2WmMlYTZizqBBa/s=
github.com/declanthompson/wowchemy-block-education v0.0.0-20230308041013-d28e69fbe57a h1:xgtVtwYWwX2UGhQsCDBskrVdiaRJZBcTrNamQboQ38w=
github.com/declanthompson/wowchemy-block-education v0.0.0-20230308041013-d28e69fbe57a/go.mod h1:pqpjmoQxUISHza9xNPNEeiHSkex2WmMlYTZizqBBa/s=
github.com/declanthompson/wowchemy-block-education v0.0.0-20230308041439-9638db4631aa h1:PHf6WdgQJnhgOEmB7WjYnYQ148K6WhKlwucvu8egz6M=
github.com/declanthompson/wowchemy-block-education v0.0.0-20230308041439-9638db4631aa/go.mod h1:pqpjmoQxUISHza9xNPNEeiHSkex2WmMlYTZizqBBa/s=
github.com/declanthompson/wowchemy-block-education v0.0.0-20230308041808-21d1684b87a3 h1:UwXeUGH8cQCL6t+qUiVKQlcVEvD3FIolBwpkPb9fWw0=
github.com/declanthompson/wowchemy-block-education v0.0.0-20230308041808-21d1684b87a3/go.mod h1:pqpjmoQxUISHza9xNPNEeiHSkex2WmMlYTZizqBBa/s=
github.com/declanthompson/wowchemy-block-education v0.0.0-20230308051345-f80406510382 h1:HkKnrXx42jahgR/D2IWy7CYizr4gXwJPaUF7D9duD+4=
github.com/declanthompson/wowchemy-block-education v0.0.0-20230308051345-f80406510382/go.mod h1:pqpjmoQxUISHza9xNPNEeiHSkex2WmMlYTZizqBBa/s=
github.com/declanthompson/wowchemy-block-education v0.0.0-20230308051427-32a2b8f36416 h1:9x+h9pKUx4WigUQKwZPtrlzUDN6pZsxZYCOAKGOMrGI=
github.com/declanthompson/wowchemy-block-education v0.0.0-20230308051427-32a2b8f36416/go.mod h1:pqpjmoQxUISHza9xNPNEeiHSkex2WmMlYTZizqBBa/s=
github.com/declanthompson/wowchemy-block-education v0.0.0-20230308051559-f066cab9b60a h1:ogLTrF2cCOrFDsE50cNdVrj7uT3MIKuPUMcgXt6Z/kg=
github.com/declanthompson/wowchemy-block-education v0.0.0-20230308051559-f066cab9b60a/go.mod h1:pqpjmoQxUISHza9xNPNEeiHSkex2WmMlYTZizqBBa/s=
github.com/declanthompson/wowchemy-block-education v0.0.0-20230308182604-2eb55cc32e96 h1:fSxvlfxBpyCndVW9YK0KHRvj5WjQ6nhkH3vfrb9D834=
github.com/declanthompson/wowchemy-block-education v0.0.0-20230308182604-2eb55cc32e96/go.mod h1:pqpjmoQxUISHza9xNPNEeiHSkex2WmMlYTZizqBBa/s=
github.com/declanthompson/wowchemy-block-education v0.0.0-20230308183003-a41e7b65e019 h1:r7aLS5+WfYzMBzlbwc6K8tXcTzGDdIzgAt1lBdcKpcQ=
github.com/declanthompson/wowchemy-block-education v0.0.0-20230308183003-a41e7b65e019/go.mod h1:pqpjmoQxUISHza9xNPNEeiHSkex2WmMlYTZizqBBa/s=
github.com/declanthompson/wowchemy-block-education v0.0.0-20230308183248-59d1f46dfbe8 h1:nYj0kco2ITh8YikWl1dsHPgj957dwKU4Ah8wD5zJJdM=
github.com/declanthompson/wowchemy-block-education v0.0.0-20230308183248-59d1f46dfbe8/go.mod h1:pqpjmoQxUISHza9xNPNEeiHSkex2WmMlYTZizqBBa/s=
github.com/declanthompson/wowchemy-block-education v0.0.0-20230308184258-6cb0daa65028 h1:fLgDaXDSPuwYZT8nJ570R/sFVzMtN4HZ4TQjDXnHFGg=
github.com/declanthompson/wowchemy-block-education v0.0.0-20230308184258-6cb0daa65028/go.mod h1:pqpjmoQxUISHza9xNPNEeiHSkex2WmMlYTZizqBBa/s=
github.com/declanthompson/wowchemy-block-education v0.0.0-20230308184432-cb667b75305a h1:keSuTBPQWR9Avi86JXo1rCxNUEEXkrQI6Y1U++hnV04=
github.com/declanthompson/wowchemy-block-education v0.0.0-20230308184432-cb667b75305a/go.mod h1:pqpjmoQxUISHza9xNPNEeiHSkex2WmMlYTZizqBBa/s=
github.com/declanthompson/wowchemy-block-education v0.0.0-20230308184655-24a0dcdf01db h1:rMg4ichzL1+hFFki0mSGzeJATSoChRpNZoWH8LZtapo=
github.com/declanthompson/wowchemy-block-education v0.0.0-20230308184655-24a0dcdf01db/go.mod h1:pqpjmoQxUISHza9xNPNEeiHSkex2WmMlYTZizqBBa/s=
github.com/declanthompson/wowchemy-block-education v0.0.0-20230308184749-94bc02dc172d h1:0gTxlYSEUGgoKlbEpBSDD2B/951CRSOVkB6R1LB8HWg=
github.com/declanthompson/wowchemy-block-education v0.0.0-20230308184749-94bc02dc172d/go.mod h1:pqpjmoQxUISHza9xNPNEeiHSkex2WmMlYTZizqBBa/s=
github.com/declanthompson/wowchemy-block-education v0.0.0-20230308184932-8fdd11fde8b8 h1:iK3b5Eg+CM4qzr3jaCIYReOGY2ogT5mIzp/1Vhj7Sl8=
github.com/declanthompson/wowchemy-block-education v0.0.0-20230308184932-8fdd11fde8b8/go.mod h1:pqpjmoQxUISHza9xNPNEeiHSkex2WmMlYTZizqBBa/s=
github.com/declanthompson/wowchemy-block-education v0.0.0-20230308185023-4d2176dfe192 h1:m9IWAcy84VnpgrSS1P3Q9ODC3yJF43/opX31T1TPaeM=
github.com/declanthompson/wowchemy-block-education v0.0.0-20230308185023-4d2176dfe192/go.mod h1:pqpjmoQxUISHza9xNPNEeiHSkex2WmMlYTZizqBBa/s=
github.com/declanthompson/wowchemy-block-education v0.0.0-20230308185453-863db82ec35b h1:d8DV3K7OGHNC9JOlIQ3LPfn6lxE/5KD+94uwD0QKY2o=
github.com/declanthompson/wowchemy-block-education v0.0.0-20230308185453-863db82ec35b/go.mod h1:pqpjmoQxUISHza9xNPNEeiHSkex2WmMlYTZizqBBa/s=
github.com/shoginn/wowchemy-block-countdown-timer v1.0.0 h1:l1UPZdKfCpa/iVdvplAf7Ob8+QORuKrnCbLK+bPNkJ8=
github.com/shoginn/wowchemy-block-countdown-timer v1.0.0/go.mod h1:BF9efsuQJaAX/svFK8gePZHdO3tS9dQDcKh512GQsec=
github.com/wowchemy/wowchemy-hugo-themes/modules/wowchemy-core v0.1.0/go.mod h1:kJwI9H8dicHQCnP8G9EvUDI+oNg/yXcGsjGjwjXuM8I=
github.com/wowchemy/wowchemy-hugo-themes/modules/wowchemy-plugin-netlify v1.0.1-0.20230213200301-f55ff594c0f6 h1:ffSyuuMOdRr0Ko8c93veYSRmfICabReZWCZyUwLQXQo=
github.com/wowchemy/wowchemy-hugo-themes/modules/wowchemy-plugin-netlify v1.0.1-0.20230213200301-f55ff594c0f6/go.mod h1:s40UgLsWfVyCLQ2F4F3dBcNfZOXcPGld7KxsKhZdzvM=
github.com/wowchemy/wowchemy-hugo-themes/modules/wowchemy-plugin-netlify-cms v1.0.1-0.20230213200301-f55ff594c0f6 h1:grcD66FZkr3kdiFyjHCjrehTqzHIemSRXOsqVd2BOgk=
github.com/wowchemy/wowchemy-hugo-themes/modules/wowchemy-plugin-netlify-cms v1.0.1-0.20230213200301-f55ff594c0f6/go.mod h1:X1mETJo6Lkv9tEgfU0UYFRiRInf0RbgW+s1RKXB4GMA=
github.com/wowchemy/wowchemy-hugo-themes/modules/wowchemy-plugin-reveal v0.0.0-20230213200301-f55ff594c0f6 h1:fnSfzFd0+D3Ib2Xepdhz9WmQdIZ8u7tUvjcL5JASadA=
github.com/wowchemy/wowchemy-hugo-themes/modules/wowchemy-plugin-reveal v0.0.0-20230213200301-f55ff594c0f6/go.mod h1:u2hgU45C6Oi3CwMzSNvTwuRTsKs7O46EG3MTjNKu7gE=
github.com/wowchemy/wowchemy-hugo-themes/modules/wowchemy-seo v0.1.0/go.mod h1:R01vz++1i/KR2n00aWGcs6m/L7ky1klbrpqA2KXjMCk=
github.com/wowchemy/wowchemy-hugo-themes/modules/wowchemy/v5 v5.7.1-0.20230213200301-f55ff594c0f6 h1:ekul2Tb/b1hCZLh+W7frLZ1LAIer54yPnPsNb/DXYg8=
github.com/wowchemy/wowchemy-hugo-themes/modules/wowchemy/v5 v5.7.1-0.20230213200301-f55ff594c0f6/go.mod h1:pxtkh2Fw4Vdwh2NvIYpCqhR0g7MgwVAxFN1lW9Rep44=
